
Microsoft Visual Studio Solution File, Format Version 12.00
# Visual Studio 15
VisualStudioVersion = 15.0.27428.2043
MinimumVisualStudioVersion = 10.0.40219.1
Project("{8BC9CEB8-8B4A-11D0-8D11-00A0C91BC942}") = "DX11TerrainTutorial-GridAndCameraMovement", "DX11TerrainTutorial-GridAndCameraMovement\DX11TerrainTutorial-GridAndCameraMovement.vcxproj", "{2A15D863-D195-40C6-A6FF-96C5E4A67ADA}"
EndProject
Project("{2150E333-8FDC-42A3-9474-1A3956D46DE8}") = "Solution Items", "Solution Items", "{5058559C-C759-4209-8AF3-25DD5F0024FA}"
	ProjectSection(SolutionItems) = preProject
		README.md = README.md
	EndProjectSection
EndProject
Project("{8BC9CEB8-8B4A-11D0-8D11-00A0C91BC942}") = "DX11TerrainTutorial-BitmapHeightMaps", "DX11TerrainTutorial-BitmapHeightMaps\DX11TerrainTutorial-BitmapHeightMaps.vcxproj", "{E4D4782C-5F9A-40A6-ACBF-F5CE151B7847}"
EndProject
Project("{8BC9CEB8-8B4A-11D0-8D11-00A0C91BC942}") = "DX11TerrainTutorial-TerrainTexturing", "DX11TerrainTutorial-TerrainTexturing\DX11TerrainTutorial-TerrainTexturing.vcxproj", "{398B31BA-8482-4467-9032-0C64F27E35A2}"
EndProject
Project("{8BC9CEB8-8B4A-11D0-8D11-00A0C91BC942}") = "DX11TerrainTutorial-TerrainLight", "DX11TerrainTutorial-TerrainLight\DX11TerrainTutorial-TerrainLight.vcxproj", "{7AF20BB8-9B54-4D4C-A9D9-A623E2B5D4ED}"
EndProject
Project("{8BC9CEB8-8B4A-11D0-8D11-00A0C91BC942}") = "DX11TerrainTutorial-TerrainNormalMap", "DX11TerrainTutorial-TerrainNormalMap\DX11TerrainTutorial-TerrainNormalMap.vcxproj", "{70D159B7-DDA5-4ABA-A1E4-B0165402E6A3}"
EndProject
Project("{8BC9CEB8-8B4A-11D0-8D11-00A0C91BC942}") = "DX11TerrainTutorial-TerrainColorMap", "DX11TerrainTutorial-TerrainColorMap\DX11TerrainTutorial-TerrainColorMap.vcxproj", "{8A91943D-D6FC-4DF5-9CE7-AFBF6A28A26A}"
EndProject
Project("{8BC9CEB8-8B4A-11D0-8D11-00A0C91BC942}") = "DX11TerrainTutorial-SkyDomes", "DX11TerrainTutorial-SkyDomes\DX11TerrainTutorial-SkyDomes.vcxproj", "{9FDD637F-BBE6-4E03-B18F-00D940C40F4E}"
EndProject
Project("{8BC9CEB8-8B4A-11D0-8D11-00A0C91BC942}") = "DX11TerrainTutorial-RawHeightMaps", "DX11TerrainTutorial-RawHeightMaps\DX11TerrainTutorial-RawHeightMaps.vcxproj", "{4EA1D699-34ED-41AD-B6A2-C795E1EAD985}"
EndProject
Project("{8BC9CEB8-8B4A-11D0-8D11-00A0C91BC942}") = "DX11TerrainTutorial-TerrainCells", "DX11TerrainTutorial-TerrainCells\DX11TerrainTutorial-TerrainCells.vcxproj", "{4190CCDE-DD44-4AC4-9F29-1660B3EE41CE}"
EndProject
Project("{8BC9CEB8-8B4A-11D0-8D11-00A0C91BC942}") = "DX11TerrainTutorial-TerrainCellCulling", "DX11TerrainTutorial-TerrainCellCulling\DX11TerrainTutorial-TerrainCellCulling.vcxproj", "{C6862789-74EE-4801-B657-042C17D7FF85}"
EndProject
Project("{8BC9CEB8-8B4A-11D0-8D11-00A0C91BC942}") = "DX11TerrainTutorial-HeightBasedMovement", "DX11TerrainTutorial-HeightBasedMovement\DX11TerrainTutorial-HeightBasedMovement.vcxproj", "{9A2885AD-4B0C-4FB6-A213-A3DEA658D0FD}"
EndProject
Project("{8BC9CEB8-8B4A-11D0-8D11-00A0C91BC942}") = "DX11TerrainTutorial-MiniMaps", "DX11TerrainTutorial-MiniMaps\DX11TerrainTutorial-MiniMaps.vcxproj", "{5C6550C3-4E67-4922-8F67-FE322E33A363}"
EndProject
Project("{8BC9CEB8-8B4A-11D0-8D11-00A0C91BC942}") = "DX11TerrainTutorial-ProceduralTerrainTexturing", "DX11TerrainTutorial-ProceduralTerrainTexturing\DX11TerrainTutorial-ProceduralTerrainTexturing.vcxproj", "{D361781B-3C7E-4AA9-A85B-6C851EF2134C}"
EndProject
Project("{8BC9CEB8-8B4A-11D0-8D11-00A0C91BC942}") = "DX11TerrainTutorial-DistanceNormalMapping", "DX11TerrainTutorial-DistanceNormalMapping\DX11TerrainTutorial-DistanceNormalMapping.vcxproj", "{890715B0-13E7-49EF-BA96-964A2DE8B072}"
EndProject
Project("{8BC9CEB8-8B4A-11D0-8D11-00A0C91BC942}") = "DX11TerrainTutorial-BitmapClouds", "DX11TerrainTutorial-BitmapClouds\DX11TerrainTutorial-BitmapClouds.vcxproj", "{1A6FD4BB-2F7B-437B-BA29-5BDA266BC9E7}"
EndProject
Global
	GlobalSection(SolutionConfigurationPlatforms) = preSolution
		Debug|x64 = Debug|x64
		Debug|x86 = Debug|x86
		Release|x64 = Release|x64
		Release|x86 = Release|x86
	EndGlobalSection
	GlobalSection(ProjectConfigurationPlatforms) = postSolution
		{2A15D863-D195-40C6-A6FF-96C5E4A67ADA}.Debug|x64.ActiveCfg = Debug|x64
		{2A15D863-D195-40C6-A6FF-96C5E4A67ADA}.Debug|x64.Build.0 = Debug|x64
		{2A15D863-D195-40C6-A6FF-96C5E4A67ADA}.Debug|x86.ActiveCfg = Debug|Win32
		{2A15D863-D195-40C6-A6FF-96C5E4A67ADA}.Debug|x86.Build.0 = Debug|Win32
		{2A15D863-D195-40C6-A6FF-96C5E4A67ADA}.Release|x64.ActiveCfg = Release|x64
		{2A15D863-D195-40C6-A6FF-96C5E4A67ADA}.Release|x64.Build.0 = Release|x64
		{2A15D863-D195-40C6-A6FF-96C5E4A67ADA}.Release|x86.ActiveCfg = Release|Win32
		{2A15D863-D195-40C6-A6FF-96C5E4A67ADA}.Release|x86.Build.0 = Release|Win32
		{E4D4782C-5F9A-40A6-ACBF-F5CE151B7847}.Debug|x64.ActiveCfg = Debug|x64
		{E4D4782C-5F9A-40A6-ACBF-F5CE151B7847}.Debug|x64.Build.0 = Debug|x64
		{E4D4782C-5F9A-40A6-ACBF-F5CE151B7847}.Debug|x86.ActiveCfg = Debug|Win32
		{E4D4782C-5F9A-40A6-ACBF-F5CE151B7847}.Debug|x86.Build.0 = Debug|Win32
		{E4D4782C-5F9A-40A6-ACBF-F5CE151B7847}.Release|x64.ActiveCfg = Release|x64
		{E4D4782C-5F9A-40A6-ACBF-F5CE151B7847}.Release|x64.Build.0 = Release|x64
		{E4D4782C-5F9A-40A6-ACBF-F5CE151B7847}.Release|x86.ActiveCfg = Release|Win32
		{E4D4782C-5F9A-40A6-ACBF-F5CE151B7847}.Release|x86.Build.0 = Release|Win32
		{398B31BA-8482-4467-9032-0C64F27E35A2}.Debug|x64.ActiveCfg = Debug|x64
		{398B31BA-8482-4467-9032-0C64F27E35A2}.Debug|x64.Build.0 = Debug|x64
		{398B31BA-8482-4467-9032-0C64F27E35A2}.Debug|x86.ActiveCfg = Debug|Win32
		{398B31BA-8482-4467-9032-0C64F27E35A2}.Debug|x86.Build.0 = Debug|Win32
		{398B31BA-8482-4467-9032-0C64F27E35A2}.Release|x64.ActiveCfg = Release|x64
		{398B31BA-8482-4467-9032-0C64F27E35A2}.Release|x64.Build.0 = Release|x64
		{398B31BA-8482-4467-9032-0C64F27E35A2}.Release|x86.ActiveCfg = Release|Win32
		{398B31BA-8482-4467-9032-0C64F27E35A2}.Release|x86.Build.0 = Release|Win32
		{7AF20BB8-9B54-4D4C-A9D9-A623E2B5D4ED}.Debug|x64.ActiveCfg = Debug|x64
		{7AF20BB8-9B54-4D4C-A9D9-A623E2B5D4ED}.Debug|x64.Build.0 = Debug|x64
		{7AF20BB8-9B54-4D4C-A9D9-A623E2B5D4ED}.Debug|x86.ActiveCfg = Debug|Win32
		{7AF20BB8-9B54-4D4C-A9D9-A623E2B5D4ED}.Debug|x86.Build.0 = Debug|Win32
		{7AF20BB8-9B54-4D4C-A9D9-A623E2B5D4ED}.Release|x64.ActiveCfg = Release|x64
		{7AF20BB8-9B54-4D4C-A9D9-A623E2B5D4ED}.Release|x64.Build.0 = Release|x64
		{7AF20BB8-9B54-4D4C-A9D9-A623E2B5D4ED}.Release|x86.ActiveCfg = Release|Win32
		{7AF20BB8-9B54-4D4C-A9D9-A623E2B5D4ED}.Release|x86.Build.0 = Release|Win32
		{70D159B7-DDA5-4ABA-A1E4-B0165402E6A3}.Debug|x64.ActiveCfg = Debug|x64
		{70D159B7-DDA5-4ABA-A1E4-B0165402E6A3}.Debug|x64.Build.0 = Debug|x64
		{70D159B7-DDA5-4ABA-A1E4-B0165402E6A3}.Debug|x86.ActiveCfg = Debug|Win32
		{70D159B7-DDA5-4ABA-A1E4-B0165402E6A3}.Debug|x86.Build.0 = Debug|Win32
		{70D159B7-DDA5-4ABA-A1E4-B0165402E6A3}.Release|x64.ActiveCfg = Release|x64
		{70D159B7-DDA5-4ABA-A1E4-B0165402E6A3}.Release|x64.Build.0 = Release|x64
		{70D159B7-DDA5-4ABA-A1E4-B0165402E6A3}.Release|x86.ActiveCfg = Release|Win32
		{70D159B7-DDA5-4ABA-A1E4-B0165402E6A3}.Release|x86.Build.0 = Release|Win32
		{8A91943D-D6FC-4DF5-9CE7-AFBF6A28A26A}.Debug|x64.ActiveCfg = Debug|x64
		{8A91943D-D6FC-4DF5-9CE7-AFBF6A28A26A}.Debug|x64.Build.0 = Debug|x64
		{8A91943D-D6FC-4DF5-9CE7-AFBF6A28A26A}.Debug|x86.ActiveCfg = Debug|Win32
		{8A91943D-D6FC-4DF5-9CE7-AFBF6A28A26A}.Debug|x86.Build.0 = Debug|Win32
		{8A91943D-D6FC-4DF5-9CE7-AFBF6A28A26A}.Release|x64.ActiveCfg = Release|x64
		{8A91943D-D6FC-4DF5-9CE7-AFBF6A28A26A}.Release|x64.Build.0 = Release|x64
		{8A91943D-D6FC-4DF5-9CE7-AFBF6A28A26A}.Release|x86.ActiveCfg = Release|Win32
		{8A91943D-D6FC-4DF5-9CE7-AFBF6A28A26A}.Release|x86.Build.0 = Release|Win32
		{9FDD637F-BBE6-4E03-B18F-00D940C40F4E}.Debug|x64.ActiveCfg = Debug|x64
		{9FDD637F-BBE6-4E03-B18F-00D940C40F4E}.Debug|x64.Build.0 = Debug|x64
		{9FDD637F-BBE6-4E03-B18F-00D940C40F4E}.Debug|x86.ActiveCfg = Debug|Win32
		{9FDD637F-BBE6-4E03-B18F-00D940C40F4E}.Debug|x86.Build.0 = Debug|Win32
		{9FDD637F-BBE6-4E03-B18F-00D940C40F4E}.Release|x64.ActiveCfg = Release|x64
		{9FDD637F-BBE6-4E03-B18F-00D940C40F4E}.Release|x64.Build.0 = Release|x64
		{9FDD637F-BBE6-4E03-B18F-00D940C40F4E}.Release|x86.ActiveCfg = Release|Win32
		{9FDD637F-BBE6-4E03-B18F-00D940C40F4E}.Release|x86.Build.0 = Release|Win32
		{4EA1D699-34ED-41AD-B6A2-C795E1EAD985}.Debug|x64.ActiveCfg = Debug|x64
		{4EA1D699-34ED-41AD-B6A2-C795E1EAD985}.Debug|x64.Build.0 = Debug|x64
		{4EA1D699-34ED-41AD-B6A2-C795E1EAD985}.Debug|x86.ActiveCfg = Debug|Win32
		{4EA1D699-34ED-41AD-B6A2-C795E1EAD985}.Debug|x86.Build.0 = Debug|Win32
		{4EA1D699-34ED-41AD-B6A2-C795E1EAD985}.Release|x64.ActiveCfg = Release|x64
		{4EA1D699-34ED-41AD-B6A2-C795E1EAD985}.Release|x64.Build.0 = Release|x64
		{4EA1D699-34ED-41AD-B6A2-C795E1EAD985}.Release|x86.ActiveCfg = Release|Win32
		{4EA1D699-34ED-41AD-B6A2-C795E1EAD985}.Release|x86.Build.0 = Release|Win32
		{4190CCDE-DD44-4AC4-9F29-1660B3EE41CE}.Debug|x64.ActiveCfg = Debug|x64
		{4190CCDE-DD44-4AC4-9F29-1660B3EE41CE}.Debug|x64.Build.0 = Debug|x64
		{4190CCDE-DD44-4AC4-9F29-1660B3EE41CE}.Debug|x86.ActiveCfg = Debug|Win32
		{4190CCDE-DD44-4AC4-9F29-1660B3EE41CE}.Debug|x86.Build.0 = Debug|Win32
		{4190CCDE-DD44-4AC4-9F29-1660B3EE41CE}.Release|x64.ActiveCfg = Release|x64
		{4190CCDE-DD44-4AC4-9F29-1660B3EE41CE}.Release|x64.Build.0 = Release|x64
		{4190CCDE-DD44-4AC4-9F29-1660B3EE41CE}.Release|x86.ActiveCfg = Release|Win32
		{4190CCDE-DD44-4AC4-9F29-1660B3EE41CE}.Release|x86.Build.0 = Release|Win32
		{C6862789-74EE-4801-B657-042C17D7FF85}.Debug|x64.ActiveCfg = Debug|x64
		{C6862789-74EE-4801-B657-042C17D7FF85}.Debug|x64.Build.0 = Debug|x64
		{C6862789-74EE-4801-B657-042C17D7FF85}.Debug|x86.ActiveCfg = Debug|Win32
		{C6862789-74EE-4801-B657-042C17D7FF85}.Debug|x86.Build.0 = Debug|Win32
		{C6862789-74EE-4801-B657-042C17D7FF85}.Release|x64.ActiveCfg = Release|x64
		{C6862789-74EE-4801-B657-042C17D7FF85}.Release|x64.Build.0 = Release|x64
		{C6862789-74EE-4801-B657-042C17D7FF85}.Release|x86.ActiveCfg = Release|Win32
		{C6862789-74EE-4801-B657-042C17D7FF85}.Release|x86.Build.0 = Release|Win32
		{9A2885AD-4B0C-4FB6-A213-A3DEA658D0FD}.Debug|x64.ActiveCfg = Debug|x64
		{9A2885AD-4B0C-4FB6-A213-A3DEA658D0FD}.Debug|x64.Build.0 = Debug|x64
		{9A2885AD-4B0C-4FB6-A213-A3DEA658D0FD}.Debug|x86.ActiveCfg = Debug|Win32
		{9A2885AD-4B0C-4FB6-A213-A3DEA658D0FD}.Debug|x86.Build.0 = Debug|Win32
		{9A2885AD-4B0C-4FB6-A213-A3DEA658D0FD}.Release|x64.ActiveCfg = Release|x64
		{9A2885AD-4B0C-4FB6-A213-A3DEA658D0FD}.Release|x64.Build.0 = Release|x64
		{9A2885AD-4B0C-4FB6-A213-A3DEA658D0FD}.Release|x86.ActiveCfg = Release|Win32
		{9A2885AD-4B0C-4FB6-A213-A3DEA658D0FD}.Release|x86.Build.0 = Release|Win32
		{5C6550C3-4E67-4922-8F67-FE322E33A363}.Debug|x64.ActiveCfg = Debug|x64
		{5C6550C3-4E67-4922-8F67-FE322E33A363}.Debug|x64.Build.0 = Debug|x64
		{5C6550C3-4E67-4922-8F67-FE322E33A363}.Debug|x86.ActiveCfg = Debug|Win32
		{5C6550C3-4E67-4922-8F67-FE322E33A363}.Debug|x86.Build.0 = Debug|Win32
		{5C6550C3-4E67-4922-8F67-FE322E33A363}.Release|x64.ActiveCfg = Release|x64
		{5C6550C3-4E67-4922-8F67-FE322E33A363}.Release|x64.Build.0 = Release|x64
		{5C6550C3-4E67-4922-8F67-FE322E33A363}.Release|x86.ActiveCfg = Release|Win32
		{5C6550C3-4E67-4922-8F67-FE322E33A363}.Release|x86.Build.0 = Release|Win32
		{D361781B-3C7E-4AA9-A85B-6C851EF2134C}.Debug|x64.ActiveCfg = Debug|x64
		{D361781B-3C7E-4AA9-A85B-6C851EF2134C}.Debug|x64.Build.0 = Debug|x64
		{D361781B-3C7E-4AA9-A85B-6C851EF2134C}.Debug|x86.ActiveCfg = Debug|Win32
		{D361781B-3C7E-4AA9-A85B-6C851EF2134C}.Debug|x86.Build.0 = Debug|Win32
		{D361781B-3C7E-4AA9-A85B-6C851EF2134C}.Release|x64.ActiveCfg = Release|x64
		{D361781B-3C7E-4AA9-A85B-6C851EF2134C}.Release|x64.Build.0 = Release|x64
		{D361781B-3C7E-4AA9-A85B-6C851EF2134C}.Release|x86.ActiveCfg = Release|Win32
		{D361781B-3C7E-4AA9-A85B-6C851EF2134C}.Release|x86.Build.0 = Release|Win32
		{890715B0-13E7-49EF-BA96-964A2DE8B072}.Debug|x64.ActiveCfg = Debug|x64
		{890715B0-13E7-49EF-BA96-964A2DE8B072}.Debug|x64.Build.0 = Debug|x64
		{890715B0-13E7-49EF-BA96-964A2DE8B072}.Debug|x86.ActiveCfg = Debug|Win32
		{890715B0-13E7-49EF-BA96-964A2DE8B072}.Debug|x86.Build.0 = Debug|Win32
		{890715B0-13E7-49EF-BA96-964A2DE8B072}.Release|x64.ActiveCfg = Release|x64
		{890715B0-13E7-49EF-BA96-964A2DE8B072}.Release|x64.Build.0 = Release|x64
		{890715B0-13E7-49EF-BA96-964A2DE8B072}.Release|x86.ActiveCfg = Release|Win32
		{890715B0-13E7-49EF-BA96-964A2DE8B072}.Release|x86.Build.0 = Release|Win32
		{1A6FD4BB-2F7B-437B-BA29-5BDA266BC9E7}.Debug|x64.ActiveCfg = Debug|x64
		{1A6FD4BB-2F7B-437B-BA29-5BDA266BC9E7}.Debug|x64.Build.0 = Debug|x64
		{1A6FD4BB-2F7B-437B-BA29-5BDA266BC9E7}.Debug|x86.ActiveCfg = Debug|Win32
		{1A6FD4BB-2F7B-437B-BA29-5BDA266BC9E7}.Debug|x86.Build.0 = Debug|Win32
		{1A6FD4BB-2F7B-437B-BA29-5BDA266BC9E7}.Release|x64.ActiveCfg = Release|x64
		{1A6FD4BB-2F7B-437B-BA29-5BDA266BC9E7}.Release|x64.Build.0 = Release|x64
		{1A6FD4BB-2F7B-437B-BA29-5BDA266BC9E7}.Release|x86.ActiveCfg = Release|Win32
		{1A6FD4BB-2F7B-437B-BA29-5BDA266BC9E7}.Release|x86.Build.0 = Release|Win32
	EndGlobalSection
	GlobalSection(SolutionProperties) = preSolution
		HideSolutionNode = FALSE
	EndGlobalSection
	GlobalSection(ExtensibilityGlobals) = postSolution
		SolutionGuid = {5E9AA8AD-9D56-49FC-B04C-96E4F8E39F29}
	EndGlobalSection
EndGlobal
