<?xml version="1.0" encoding="utf-8"?>
<Project ToolsVersion="4.0" xmlns="http://schemas.microsoft.com/developer/msbuild/2003">
  <ItemGroup>
    <Filter Include="Source Files">
      <UniqueIdentifier>{4FC737F1-C7A5-4376-A066-2A32D752A2FF}</UniqueIdentifier>
      <Extensions>cpp;c;cc;cxx;def;odl;idl;hpj;bat;asm;asmx</Extensions>
    </Filter>
    <Filter Include="Header Files">
      <UniqueIdentifier>{93995380-89BD-4b04-88EB-625FBE52EBFB}</UniqueIdentifier>
      <Extensions>h;hh;hpp;hxx;hm;inl;inc;ipp;xsd</Extensions>
    </Filter>
    <Filter Include="Resource Files">
      <UniqueIdentifier>{67DA6AB6-F800-4c08-8B7A-83BB121AAD01}</UniqueIdentifier>
      <Extensions>rc;ico;cur;bmp;dlg;rc2;rct;bin;rgs;gif;jpg;jpeg;jpe;resx;tiff;tif;png;wav;mfcribbon-ms</Extensions>
    </Filter>
    <Filter Include="Resource Files\Shaders">
      <UniqueIdentifier>{091c8cb1-ba82-4c2b-abb3-993b547cf858}</UniqueIdentifier>
    </Filter>
    <Filter Include="Resource Files\Data">
      <UniqueIdentifier>{4aed3a6d-8ea1-414f-9669-05cc2b73b022}</UniqueIdentifier>
    </Filter>
  </ItemGroup>
  <ItemGroup>
    <ClInclude Include="source\applicationclass.h">
      <Filter>Header Files</Filter>
    </ClInclude>
    <ClInclude Include="source\cameraclass.h">
      <Filter>Header Files</Filter>
    </ClInclude>
    <ClInclude Include="source\colorshaderclass.h">
      <Filter>Header Files</Filter>
    </ClInclude>
    <ClInclude Include="source\d3dclass.h">
      <Filter>Header Files</Filter>
    </ClInclude>
    <ClInclude Include="source\fontclass.h">
      <Filter>Header Files</Filter>
    </ClInclude>
    <ClInclude Include="source\fontshaderclass.h">
      <Filter>Header Files</Filter>
    </ClInclude>
    <ClInclude Include="source\fpsclass.h">
      <Filter>Header Files</Filter>
    </ClInclude>
    <ClInclude Include="source\inputclass.h">
      <Filter>Header Files</Filter>
    </ClInclude>
    <ClInclude Include="source\lightclass.h">
      <Filter>Header Files</Filter>
    </ClInclude>
    <ClInclude Include="source\lightshaderclass.h">
      <Filter>Header Files</Filter>
    </ClInclude>
    <ClInclude Include="source\positionclass.h">
      <Filter>Header Files</Filter>
    </ClInclude>
    <ClInclude Include="source\shadermanagerclass.h">
      <Filter>Header Files</Filter>
    </ClInclude>
    <ClInclude Include="source\systemclass.h">
      <Filter>Header Files</Filter>
    </ClInclude>
    <ClInclude Include="source\terrainclass.h">
      <Filter>Header Files</Filter>
    </ClInclude>
    <ClInclude Include="source\terrainshaderclass.h">
      <Filter>Header Files</Filter>
    </ClInclude>
    <ClInclude Include="source\textclass.h">
      <Filter>Header Files</Filter>
    </ClInclude>
    <ClInclude Include="source\textureclass.h">
      <Filter>Header Files</Filter>
    </ClInclude>
    <ClInclude Include="source\texturemanagerclass.h">
      <Filter>Header Files</Filter>
    </ClInclude>
    <ClInclude Include="source\textureshaderclass.h">
      <Filter>Header Files</Filter>
    </ClInclude>
    <ClInclude Include="source\timerclass.h">
      <Filter>Header Files</Filter>
    </ClInclude>
    <ClInclude Include="source\userinterfaceclass.h">
      <Filter>Header Files</Filter>
    </ClInclude>
    <ClInclude Include="source\zoneclass.h">
      <Filter>Header Files</Filter>
    </ClInclude>
  </ItemGroup>
  <ItemGroup>
    <ClCompile Include="source\applicationclass.cpp">
      <Filter>Source Files</Filter>
    </ClCompile>
    <ClCompile Include="source\cameraclass.cpp">
      <Filter>Source Files</Filter>
    </ClCompile>
    <ClCompile Include="source\colorshaderclass.cpp">
      <Filter>Source Files</Filter>
    </ClCompile>
    <ClCompile Include="source\d3dclass.cpp">
      <Filter>Source Files</Filter>
    </ClCompile>
    <ClCompile Include="source\fontclass.cpp">
      <Filter>Source Files</Filter>
    </ClCompile>
    <ClCompile Include="source\fontshaderclass.cpp">
      <Filter>Source Files</Filter>
    </ClCompile>
    <ClCompile Include="source\fpsclass.cpp">
      <Filter>Source Files</Filter>
    </ClCompile>
    <ClCompile Include="source\inputclass.cpp">
      <Filter>Source Files</Filter>
    </ClCompile>
    <ClCompile Include="source\lightclass.cpp">
      <Filter>Source Files</Filter>
    </ClCompile>
    <ClCompile Include="source\lightshaderclass.cpp">
      <Filter>Source Files</Filter>
    </ClCompile>
    <ClCompile Include="source\main.cpp">
      <Filter>Source Files</Filter>
    </ClCompile>
    <ClCompile Include="source\positionclass.cpp">
      <Filter>Source Files</Filter>
    </ClCompile>
    <ClCompile Include="source\shadermanagerclass.cpp">
      <Filter>Source Files</Filter>
    </ClCompile>
    <ClCompile Include="source\systemclass.cpp">
      <Filter>Source Files</Filter>
    </ClCompile>
    <ClCompile Include="source\terrainclass.cpp">
      <Filter>Source Files</Filter>
    </ClCompile>
    <ClCompile Include="source\terrainshaderclass.cpp">
      <Filter>Source Files</Filter>
    </ClCompile>
    <ClCompile Include="source\textclass.cpp">
      <Filter>Source Files</Filter>
    </ClCompile>
    <ClCompile Include="source\textureclass.cpp">
      <Filter>Source Files</Filter>
    </ClCompile>
    <ClCompile Include="source\texturemanagerclass.cpp">
      <Filter>Source Files</Filter>
    </ClCompile>
    <ClCompile Include="source\textureshaderclass.cpp">
      <Filter>Source Files</Filter>
    </ClCompile>
    <ClCompile Include="source\timerclass.cpp">
      <Filter>Source Files</Filter>
    </ClCompile>
    <ClCompile Include="source\userinterfaceclass.cpp">
      <Filter>Source Files</Filter>
    </ClCompile>
    <ClCompile Include="source\zoneclass.cpp">
      <Filter>Source Files</Filter>
    </ClCompile>
  </ItemGroup>
  <ItemGroup>
    <None Include="source\color.ps">
      <Filter>Resource Files\Shaders</Filter>
    </None>
    <None Include="source\font.ps">
      <Filter>Resource Files\Shaders</Filter>
    </None>
    <None Include="source\light.ps">
      <Filter>Resource Files\Shaders</Filter>
    </None>
    <None Include="source\terrain.ps">
      <Filter>Resource Files\Shaders</Filter>
    </None>
    <None Include="source\texture.ps">
      <Filter>Resource Files\Shaders</Filter>
    </None>
    <None Include="source\color.vs">
      <Filter>Resource Files\Shaders</Filter>
    </None>
    <None Include="source\font.vs">
      <Filter>Resource Files\Shaders</Filter>
    </None>
    <None Include="source\light.vs">
      <Filter>Resource Files\Shaders</Filter>
    </None>
    <None Include="source\terrain.vs">
      <Filter>Resource Files\Shaders</Filter>
    </None>
    <None Include="source\texture.vs">
      <Filter>Resource Files\Shaders</Filter>
    </None>
  </ItemGroup>
  <ItemGroup>
    <Image Include="data\dirt01d.tga">
      <Filter>Resource Files\Data</Filter>
    </Image>
    <Image Include="data\heightmap.bmp">
      <Filter>Resource Files\Data</Filter>
    </Image>
    <Image Include="data\font\font01.tga">
      <Filter>Resource Files\Data</Filter>
    </Image>
  </ItemGroup>
  <ItemGroup>
    <Text Include="data\setup.txt">
      <Filter>Resource Files\Data</Filter>
    </Text>
    <Text Include="data\font\font01.txt">
      <Filter>Resource Files\Data</Filter>
    </Text>
  </ItemGroup>
</Project>